
Microsoft Visual Studio Solution File, Format Version 12.00
# Visual Studio Version 16
VisualStudioVersion = 16.0.31424.327
MinimumVisualStudioVersion = 10.0.40219.1
Project("{2150E333-8FDC-42A3-9474-1A3956D46DE8}") = "Core", "Core", "{2349BDEC-C532-4518-A3AE-AF1959CF75CB}"
EndProject
Project("{2150E333-8FDC-42A3-9474-1A3956D46DE8}") = "Domain", "Domain", "{B4C2ED97-2954-46A9-864B-7EA18B4D6959}"
EndProject
Project("{2150E333-8FDC-42A3-9474-1A3956D46DE8}") = "InfraData", "InfraData", "{826E5382-105C-4358-A1A4-FE64D257FE92}"
EndProject
Project("{2150E333-8FDC-42A3-9474-1A3956D46DE8}") = "Ioc", "Ioc", "{4E1B05DA-5D2F-4507-A49B-BC21934A0722}"
EndProject
Project("{2150E333-8FDC-42A3-9474-1A3956D46DE8}") = "UiWeb", "UiWeb", "{E011A47A-CF1C-43EB-9A6F-6FA50F68D536}"
EndProject
Project("{9A19103F-16F7-4668-BE54-9A1E7A4F7556}") = "DAL", "DAL\DAL.csproj", "{4B55D611-BC4C-4774-BF8B-F2310DB81A67}"
EndProject
Project("{9A19103F-16F7-4668-BE54-9A1E7A4F7556}") = "WebServiceManager", "WebServiceManager\WebServiceManager.csproj", "{79FA631F-DD5B-43E8-81BA-99ECAE651953}"
EndProject
Project("{9A19103F-16F7-4668-BE54-9A1E7A4F7556}") = "PersianTools", "PersianTools\PersianTools.csproj", "{6230C000-352F-4CB5-93A4-7288294A7B8B}"
EndProject
Project("{9A19103F-16F7-4668-BE54-9A1E7A4F7556}") = "UiWebBoursYar", "UiWebBoursYar\UiWebBoursYar.csproj", "{B63EFBC8-E655-4C62-A8B7-F273E0C407FF}"
EndProject
Global
	GlobalSection(SolutionConfigurationPlatforms) = preSolution
		Debug|Any CPU = Debug|Any CPU
		Release|Any CPU = Release|Any CPU
	EndGlobalSection
	GlobalSection(ProjectConfigurationPlatforms) = postSolution
		{4B55D611-BC4C-4774-BF8B-F2310DB81A67}.Debug|Any CPU.ActiveCfg = Debug|Any CPU
		{4B55D611-BC4C-4774-BF8B-F2310DB81A67}.Debug|Any CPU.Build.0 = Debug|Any CPU
		{4B55D611-BC4C-4774-BF8B-F2310DB81A67}.Release|Any CPU.ActiveCfg = Release|Any CPU
		{4B55D611-BC4C-4774-BF8B-F2310DB81A67}.Release|Any CPU.Build.0 = Release|Any CPU
		{79FA631F-DD5B-43E8-81BA-99ECAE651953}.Debug|Any CPU.ActiveCfg = Debug|Any CPU
		{79FA631F-DD5B-43E8-81BA-99ECAE651953}.Debug|Any CPU.Build.0 = Debug|Any CPU
		{79FA631F-DD5B-43E8-81BA-99ECAE651953}.Release|Any CPU.ActiveCfg = Release|Any CPU
		{79FA631F-DD5B-43E8-81BA-99ECAE651953}.Release|Any CPU.Build.0 = Release|Any CPU
		{6230C000-352F-4CB5-93A4-7288294A7B8B}.Debug|Any CPU.ActiveCfg = Debug|Any CPU
		{6230C000-352F-4CB5-93A4-7288294A7B8B}.Debug|Any CPU.Build.0 = Debug|Any CPU
		{6230C000-352F-4CB5-93A4-7288294A7B8B}.Release|Any CPU.ActiveCfg = Release|Any CPU
		{6230C000-352F-4CB5-93A4-7288294A7B8B}.Release|Any CPU.Build.0 = Release|Any CPU
		{B63EFBC8-E655-4C62-A8B7-F273E0C407FF}.Debug|Any CPU.ActiveCfg = Debug|Any CPU
		{B63EFBC8-E655-4C62-A8B7-F273E0C407FF}.Debug|Any CPU.Build.0 = Debug|Any CPU
		{B63EFBC8-E655-4C62-A8B7-F273E0C407FF}.Release|Any CPU.ActiveCfg = Release|Any CPU
		{B63EFBC8-E655-4C62-A8B7-F273E0C407FF}.Release|Any CPU.Build.0 = Release|Any CPU
	EndGlobalSection
	GlobalSection(SolutionProperties) = preSolution
		HideSolutionNode = FALSE
	EndGlobalSection
	GlobalSection(NestedProjects) = preSolution
		{4B55D611-BC4C-4774-BF8B-F2310DB81A67} = {B4C2ED97-2954-46A9-864B-7EA18B4D6959}
		{79FA631F-DD5B-43E8-81BA-99ECAE651953} = {2349BDEC-C532-4518-A3AE-AF1959CF75CB}
		{6230C000-352F-4CB5-93A4-7288294A7B8B} = {2349BDEC-C532-4518-A3AE-AF1959CF75CB}
		{B63EFBC8-E655-4C62-A8B7-F273E0C407FF} = {E011A47A-CF1C-43EB-9A6F-6FA50F68D536}
	EndGlobalSection
	GlobalSection(ExtensibilityGlobals) = postSolution
		SolutionGuid = {E8BC5213-F0FD-4ABA-A5B9-41061C465589}
	EndGlobalSection
EndGlobal
