
Microsoft Visual Studio Solution File, Format Version 12.00
# Visual Studio Version 16
VisualStudioVersion = 16.0.31424.327
MinimumVisualStudioVersion = 10.0.40219.1
Project("{2150E333-8FDC-42A3-9474-1A3956D46DE8}") = "Domain", "Domain", "{B4C2ED97-2954-46A9-864B-7EA18B4D6959}"
EndProject
Project("{2150E333-8FDC-42A3-9474-1A3956D46DE8}") = "InfraData", "InfraData", "{826E5382-105C-4358-A1A4-FE64D257FE92}"
EndProject
Project("{2150E333-8FDC-42A3-9474-1A3956D46DE8}") = "Common", "Common", "{4E1B05DA-5D2F-4507-A49B-BC21934A0722}"
EndProject
Project("{9A19103F-16F7-4668-BE54-9A1E7A4F7556}") = "DAL", "DAL\DAL.csproj", "{4B55D611-BC4C-4774-BF8B-F2310DB81A67}"
EndProject
Project("{2150E333-8FDC-42A3-9474-1A3956D46DE8}") = "Ui", "Ui", "{17A608E6-C075-4B47-8619-484063ED152B}"
EndProject
Project("{2150E333-8FDC-42A3-9474-1A3956D46DE8}") = "Core", "Core", "{2C5416A3-8E4B-43BB-934D-0FA129F0F604}"
EndProject
Project("{9A19103F-16F7-4668-BE54-9A1E7A4F7556}") = "WebServiceManager", "WebServiceManager\WebServiceManager.csproj", "{E8E75E92-C472-4454-A689-BCAFF458E5A4}"
EndProject
Project("{9A19103F-16F7-4668-BE54-9A1E7A4F7556}") = "MainApi", "MainApi\MainApi.csproj", "{0D3F662D-E896-4F9B-BA7E-B167A05036A6}"
EndProject
Project("{2150E333-8FDC-42A3-9474-1A3956D46DE8}") = "JwtIdentityServer", "JwtIdentityServer", "{8C35286C-F2C1-493F-9C13-FBE17FE0D8F6}"
EndProject
Project("{9A19103F-16F7-4668-BE54-9A1E7A4F7556}") = "Jwt.Identity.Data", "JwtIdentityServer\Jwt.Identity.Data\Jwt.Identity.Data.csproj", "{BDAEA015-AF30-4E1C-94E1-7FC8D59ACEC1}"
EndProject
Project("{9A19103F-16F7-4668-BE54-9A1E7A4F7556}") = "Jwt.Identity.Domain", "JwtIdentityServer\Jwt.Identity.Domain\Jwt.Identity.Domain.csproj", "{F128D632-C9D1-4C0F-B309-A36ACBD61C07}"
EndProject
Project("{2150E333-8FDC-42A3-9474-1A3956D46DE8}") = "SharedSettings", "SharedSettings", "{30771C26-8B91-41E4-9388-FC1E34C5729C}"
	ProjectSection(SolutionItems) = preProject
		Common\SharedSettings\JwtIdentitySharedSettings.json = Common\SharedSettings\JwtIdentitySharedSettings.json
	EndProjectSection
EndProject
Project("{2150E333-8FDC-42A3-9474-1A3956D46DE8}") = "Nuget.Project", "Nuget.Project", "{94F24191-527C-4337-9847-43185A7B97D5}"
EndProject
Project("{9A19103F-16F7-4668-BE54-9A1E7A4F7556}") = "Common.Api.Dependency", "Common\Nuget.Project\Common.Api.Dependency\Common.Api.Dependency.csproj", "{21530F13-5C6A-4F3A-9FF9-0E0694D4E0CD}"
EndProject
Project("{9A19103F-16F7-4668-BE54-9A1E7A4F7556}") = "PersianTools", "Common\Nuget.Project\PersianTools\PersianTools.csproj", "{C9A04999-B3D3-48BA-978C-8B4C60C10881}"
EndProject
Project("{9A19103F-16F7-4668-BE54-9A1E7A4F7556}") = "Common.Jwt.Authentication", "Common\Nuget.Project\Common.Jwt.Authentication\Common.Jwt.Authentication.csproj", "{F92F045F-C036-44B3-881C-4A014A7DE1F5}"
EndProject
Project("{9A19103F-16F7-4668-BE54-9A1E7A4F7556}") = "BoursYar.Authorization", "Common\Nuget.Project\BoursYar.Authorization\BoursYar.Authorization.csproj", "{43062358-586A-467C-8CD6-341F857860C5}"
EndProject
Project("{9A19103F-16F7-4668-BE54-9A1E7A4F7556}") = "Jwt.Identity.Test", "JwtIdentityServer\Jwt.Identity.Test\Jwt.Identity.Test.csproj", "{5814A53B-9A1D-4FBF-B422-BBCC27BF3EA2}"
EndProject
Project("{9A19103F-16F7-4668-BE54-9A1E7A4F7556}") = "Jwt.Identity.BoursYarServer", "JwtIdentityServer\Jwt.Identity.BoursYarServer\Jwt.Identity.BoursYarServer.csproj", "{DB224327-66DD-4C06-9365-A479C9DE898B}"
EndProject
Project("{9A19103F-16F7-4668-BE54-9A1E7A4F7556}") = "Admin.UI.MVC", "UI\Admin.UI.MVC\Admin.UI.MVC.csproj", "{A8FE14D2-4129-46E5-85A4-53672E9C2E16}"
EndProject
Project("{9A19103F-16F7-4668-BE54-9A1E7A4F7556}") = "ReactUi", "UI\ReactUi\ReactUi.csproj", "{C4328539-B93D-4FE3-90E9-00EEE475D980}"
EndProject
Project("{9A19103F-16F7-4668-BE54-9A1E7A4F7556}") = "IdentityPersianHelper", "JwtIdentityServer\IdentityPersianHelper\IdentityPersianHelper.csproj", "{FECB3FC6-F11D-42D5-8253-7BCF1E844796}"
EndProject
Global
	GlobalSection(SolutionConfigurationPlatforms) = preSolution
		Debug|Any CPU = Debug|Any CPU
		Release|Any CPU = Release|Any CPU
	EndGlobalSection
	GlobalSection(ProjectConfigurationPlatforms) = postSolution
		{4B55D611-BC4C-4774-BF8B-F2310DB81A67}.Debug|Any CPU.ActiveCfg = Debug|Any CPU
		{4B55D611-BC4C-4774-BF8B-F2310DB81A67}.Debug|Any CPU.Build.0 = Debug|Any CPU
		{4B55D611-BC4C-4774-BF8B-F2310DB81A67}.Release|Any CPU.ActiveCfg = Release|Any CPU
		{4B55D611-BC4C-4774-BF8B-F2310DB81A67}.Release|Any CPU.Build.0 = Release|Any CPU
		{E8E75E92-C472-4454-A689-BCAFF458E5A4}.Debug|Any CPU.ActiveCfg = Debug|Any CPU
		{E8E75E92-C472-4454-A689-BCAFF458E5A4}.Debug|Any CPU.Build.0 = Debug|Any CPU
		{E8E75E92-C472-4454-A689-BCAFF458E5A4}.Release|Any CPU.ActiveCfg = Release|Any CPU
		{E8E75E92-C472-4454-A689-BCAFF458E5A4}.Release|Any CPU.Build.0 = Release|Any CPU
		{0D3F662D-E896-4F9B-BA7E-B167A05036A6}.Debug|Any CPU.ActiveCfg = Debug|Any CPU
		{0D3F662D-E896-4F9B-BA7E-B167A05036A6}.Debug|Any CPU.Build.0 = Debug|Any CPU
		{0D3F662D-E896-4F9B-BA7E-B167A05036A6}.Release|Any CPU.ActiveCfg = Release|Any CPU
		{0D3F662D-E896-4F9B-BA7E-B167A05036A6}.Release|Any CPU.Build.0 = Release|Any CPU
		{BDAEA015-AF30-4E1C-94E1-7FC8D59ACEC1}.Debug|Any CPU.ActiveCfg = Debug|Any CPU
		{BDAEA015-AF30-4E1C-94E1-7FC8D59ACEC1}.Debug|Any CPU.Build.0 = Debug|Any CPU
		{BDAEA015-AF30-4E1C-94E1-7FC8D59ACEC1}.Release|Any CPU.ActiveCfg = Release|Any CPU
		{BDAEA015-AF30-4E1C-94E1-7FC8D59ACEC1}.Release|Any CPU.Build.0 = Release|Any CPU
		{F128D632-C9D1-4C0F-B309-A36ACBD61C07}.Debug|Any CPU.ActiveCfg = Debug|Any CPU
		{F128D632-C9D1-4C0F-B309-A36ACBD61C07}.Debug|Any CPU.Build.0 = Debug|Any CPU
		{F128D632-C9D1-4C0F-B309-A36ACBD61C07}.Release|Any CPU.ActiveCfg = Release|Any CPU
		{F128D632-C9D1-4C0F-B309-A36ACBD61C07}.Release|Any CPU.Build.0 = Release|Any CPU
		{21530F13-5C6A-4F3A-9FF9-0E0694D4E0CD}.Debug|Any CPU.ActiveCfg = Debug|Any CPU
		{21530F13-5C6A-4F3A-9FF9-0E0694D4E0CD}.Debug|Any CPU.Build.0 = Debug|Any CPU
		{21530F13-5C6A-4F3A-9FF9-0E0694D4E0CD}.Release|Any CPU.ActiveCfg = Release|Any CPU
		{21530F13-5C6A-4F3A-9FF9-0E0694D4E0CD}.Release|Any CPU.Build.0 = Release|Any CPU
		{C9A04999-B3D3-48BA-978C-8B4C60C10881}.Debug|Any CPU.ActiveCfg = Debug|Any CPU
		{C9A04999-B3D3-48BA-978C-8B4C60C10881}.Debug|Any CPU.Build.0 = Debug|Any CPU
		{C9A04999-B3D3-48BA-978C-8B4C60C10881}.Release|Any CPU.ActiveCfg = Release|Any CPU
		{C9A04999-B3D3-48BA-978C-8B4C60C10881}.Release|Any CPU.Build.0 = Release|Any CPU
		{F92F045F-C036-44B3-881C-4A014A7DE1F5}.Debug|Any CPU.ActiveCfg = Debug|Any CPU
		{F92F045F-C036-44B3-881C-4A014A7DE1F5}.Debug|Any CPU.Build.0 = Debug|Any CPU
		{F92F045F-C036-44B3-881C-4A014A7DE1F5}.Release|Any CPU.ActiveCfg = Release|Any CPU
		{F92F045F-C036-44B3-881C-4A014A7DE1F5}.Release|Any CPU.Build.0 = Release|Any CPU
		{43062358-586A-467C-8CD6-341F857860C5}.Debug|Any CPU.ActiveCfg = Debug|Any CPU
		{43062358-586A-467C-8CD6-341F857860C5}.Debug|Any CPU.Build.0 = Debug|Any CPU
		{43062358-586A-467C-8CD6-341F857860C5}.Release|Any CPU.ActiveCfg = Release|Any CPU
		{43062358-586A-467C-8CD6-341F857860C5}.Release|Any CPU.Build.0 = Release|Any CPU
		{5814A53B-9A1D-4FBF-B422-BBCC27BF3EA2}.Debug|Any CPU.ActiveCfg = Debug|Any CPU
		{5814A53B-9A1D-4FBF-B422-BBCC27BF3EA2}.Debug|Any CPU.Build.0 = Debug|Any CPU
		{5814A53B-9A1D-4FBF-B422-BBCC27BF3EA2}.Release|Any CPU.ActiveCfg = Release|Any CPU
		{5814A53B-9A1D-4FBF-B422-BBCC27BF3EA2}.Release|Any CPU.Build.0 = Release|Any CPU
		{DB224327-66DD-4C06-9365-A479C9DE898B}.Debug|Any CPU.ActiveCfg = Debug|Any CPU
		{DB224327-66DD-4C06-9365-A479C9DE898B}.Debug|Any CPU.Build.0 = Debug|Any CPU
		{DB224327-66DD-4C06-9365-A479C9DE898B}.Release|Any CPU.ActiveCfg = Release|Any CPU
		{DB224327-66DD-4C06-9365-A479C9DE898B}.Release|Any CPU.Build.0 = Release|Any CPU
		{A8FE14D2-4129-46E5-85A4-53672E9C2E16}.Debug|Any CPU.ActiveCfg = Debug|Any CPU
		{A8FE14D2-4129-46E5-85A4-53672E9C2E16}.Debug|Any CPU.Build.0 = Debug|Any CPU
		{A8FE14D2-4129-46E5-85A4-53672E9C2E16}.Release|Any CPU.ActiveCfg = Release|Any CPU
		{A8FE14D2-4129-46E5-85A4-53672E9C2E16}.Release|Any CPU.Build.0 = Release|Any CPU
		{C4328539-B93D-4FE3-90E9-00EEE475D980}.Debug|Any CPU.ActiveCfg = Debug|Any CPU
		{C4328539-B93D-4FE3-90E9-00EEE475D980}.Debug|Any CPU.Build.0 = Debug|Any CPU
		{C4328539-B93D-4FE3-90E9-00EEE475D980}.Release|Any CPU.ActiveCfg = Release|Any CPU
		{C4328539-B93D-4FE3-90E9-00EEE475D980}.Release|Any CPU.Build.0 = Release|Any CPU
		{FECB3FC6-F11D-42D5-8253-7BCF1E844796}.Debug|Any CPU.ActiveCfg = Debug|Any CPU
		{FECB3FC6-F11D-42D5-8253-7BCF1E844796}.Debug|Any CPU.Build.0 = Debug|Any CPU
		{FECB3FC6-F11D-42D5-8253-7BCF1E844796}.Release|Any CPU.ActiveCfg = Release|Any CPU
		{FECB3FC6-F11D-42D5-8253-7BCF1E844796}.Release|Any CPU.Build.0 = Release|Any CPU
	EndGlobalSection
	GlobalSection(SolutionProperties) = preSolution
		HideSolutionNode = FALSE
	EndGlobalSection
	GlobalSection(NestedProjects) = preSolution
		{4B55D611-BC4C-4774-BF8B-F2310DB81A67} = {B4C2ED97-2954-46A9-864B-7EA18B4D6959}
		{E8E75E92-C472-4454-A689-BCAFF458E5A4} = {2C5416A3-8E4B-43BB-934D-0FA129F0F604}
		{0D3F662D-E896-4F9B-BA7E-B167A05036A6} = {2C5416A3-8E4B-43BB-934D-0FA129F0F604}
		{BDAEA015-AF30-4E1C-94E1-7FC8D59ACEC1} = {8C35286C-F2C1-493F-9C13-FBE17FE0D8F6}
		{F128D632-C9D1-4C0F-B309-A36ACBD61C07} = {8C35286C-F2C1-493F-9C13-FBE17FE0D8F6}
		{30771C26-8B91-41E4-9388-FC1E34C5729C} = {4E1B05DA-5D2F-4507-A49B-BC21934A0722}
		{94F24191-527C-4337-9847-43185A7B97D5} = {4E1B05DA-5D2F-4507-A49B-BC21934A0722}
		{21530F13-5C6A-4F3A-9FF9-0E0694D4E0CD} = {94F24191-527C-4337-9847-43185A7B97D5}
		{C9A04999-B3D3-48BA-978C-8B4C60C10881} = {94F24191-527C-4337-9847-43185A7B97D5}
		{F92F045F-C036-44B3-881C-4A014A7DE1F5} = {94F24191-527C-4337-9847-43185A7B97D5}
		{43062358-586A-467C-8CD6-341F857860C5} = {94F24191-527C-4337-9847-43185A7B97D5}
		{5814A53B-9A1D-4FBF-B422-BBCC27BF3EA2} = {8C35286C-F2C1-493F-9C13-FBE17FE0D8F6}
		{DB224327-66DD-4C06-9365-A479C9DE898B} = {8C35286C-F2C1-493F-9C13-FBE17FE0D8F6}
		{A8FE14D2-4129-46E5-85A4-53672E9C2E16} = {17A608E6-C075-4B47-8619-484063ED152B}
		{C4328539-B93D-4FE3-90E9-00EEE475D980} = {17A608E6-C075-4B47-8619-484063ED152B}
		{FECB3FC6-F11D-42D5-8253-7BCF1E844796} = {8C35286C-F2C1-493F-9C13-FBE17FE0D8F6}
	EndGlobalSection
	GlobalSection(ExtensibilityGlobals) = postSolution
		SolutionGuid = {E8BC5213-F0FD-4ABA-A5B9-41061C465589}
	EndGlobalSection
EndGlobal
